
Microsoft Visual Studio Solution File, Format Version 12.00
# Visual Studio Version 16
VisualStudioVersion = 16.0.28917.182
MinimumVisualStudioVersion = 10.0.40219.1
Project("{2150E333-8FDC-42A3-9474-1A3956D46DE8}") = "Creational", "Creational", "{7ED917BC-8B2D-4A9E-9302-31699C308296}"
EndProject
Project("{2150E333-8FDC-42A3-9474-1A3956D46DE8}") = "Behavioral", "Behavioral", "{86CDDD3E-FB95-4CDD-B630-AFE9A3FF1782}"
EndProject
Project("{2150E333-8FDC-42A3-9474-1A3956D46DE8}") = "Structural", "Structural", "{86054D98-93E2-44C1-A5BC-F88AA91F1D50}"
EndProject
Project("{9A19103F-16F7-4668-BE54-9A1E7A4F7556}") = "02. StatePattern", "Behavioral\02.StatePattern\02. StatePattern.csproj", "{7C85C43D-5989-4120-93EA-0AC6D4AC3535}"
EndProject
Project("{9A19103F-16F7-4668-BE54-9A1E7A4F7556}") = "01. Singleton", "Creational\01.Singleton\01. Singleton.csproj", "{F3B13047-7007-469F-9FE2-7976EA373C3A}"
EndProject
Project("{9A19103F-16F7-4668-BE54-9A1E7A4F7556}") = "02. FactoryPattern", "Creational\02.FactoryPattern\02. FactoryPattern.csproj", "{C4CC1503-AA1F-4357-8019-D0A9CD763BDA}"
EndProject
Project("{9A19103F-16F7-4668-BE54-9A1E7A4F7556}") = "01. CommandPattern", "Behavioral\01.CommandPattern\01. CommandPattern.csproj", "{79C01E89-0FAE-410F-809C-A565BC97298C}"
EndProject
Project("{9A19103F-16F7-4668-BE54-9A1E7A4F7556}") = "03. BuilderPattern", "Creational\03.Builder\03. BuilderPattern.csproj", "{C0103459-601E-4627-8617-2DD716323E0F}"
EndProject
Project("{9A19103F-16F7-4668-BE54-9A1E7A4F7556}") = "04. Prototype", "Creational\04. Prototype\04. Prototype.csproj", "{0AE6A574-4FE1-479E-8A63-F5FB720EEDAE}"
EndProject
Project("{9A19103F-16F7-4668-BE54-9A1E7A4F7556}") = "05. AbstractFactory", "Creational\05. AbstractFactory\05. AbstractFactory.csproj", "{EFA3B698-6EF5-419F-99C9-C16307C993B6}"
EndProject
Project("{9A19103F-16F7-4668-BE54-9A1E7A4F7556}") = "01. AdapterPattern", "Structural\01. AdapterPattern\01. AdapterPattern.csproj", "{A997FDE2-5AD5-469D-BB59-B14A7B5D3F38}"
EndProject
Project("{9A19103F-16F7-4668-BE54-9A1E7A4F7556}") = "02. BridgePattern", "Structural\02. BridgePattern\02. BridgePattern.csproj", "{AF34C05C-F824-4142-B1CA-E7D6F53F2279}"
EndProject
Project("{9A19103F-16F7-4668-BE54-9A1E7A4F7556}") = "03. Composite Pattern", "Structural\03. Composite Pattern\03. Composite Pattern.csproj", "{4F8DB261-15A8-41E6-8325-5B080A959AEC}"
EndProject
Project("{9A19103F-16F7-4668-BE54-9A1E7A4F7556}") = "04. DecoratorPattern", "Structural\04. DecoratorPattern\04. DecoratorPattern.csproj", "{B5AB371D-9EA4-48F1-AAC1-3E29056EBFF1}"
EndProject
Project("{9A19103F-16F7-4668-BE54-9A1E7A4F7556}") = "05. FacadePattern", "Structural\05. FacadePattern\05. FacadePattern.csproj", "{EA67874B-39B8-4C1A-954B-67A8C8B510B9}"
EndProject
Project("{9A19103F-16F7-4668-BE54-9A1E7A4F7556}") = "06. Flyweight", "Structural\06. Flyweight\06. Flyweight.csproj", "{71CC6122-11EE-4745-877E-C132511F4A4A}"
EndProject
Project("{9A19103F-16F7-4668-BE54-9A1E7A4F7556}") = "07. ProxyPattern", "Structural\07. ProxyPattern\07. ProxyPattern.csproj", "{4D18FC07-1B08-4432-9DA2-B931D1B5B5A7}"
EndProject
Project("{9A19103F-16F7-4668-BE54-9A1E7A4F7556}") = "03. ChainOfResponsibility", "Behavioral\03. ChainOfResponsibility\03. ChainOfResponsibility.csproj", "{F8E1919B-BD95-4B33-85F1-778EB20EEBA6}"
EndProject
Project("{9A19103F-16F7-4668-BE54-9A1E7A4F7556}") = "04. Mediator", "Behavioral\04. Mediator\04. Mediator.csproj", "{DC0AF03B-15AC-474A-99D4-2C8B68E9A012}"
EndProject
Project("{9A19103F-16F7-4668-BE54-9A1E7A4F7556}") = "05. Memento", "Behavioral\05. Memento\05. Memento.csproj", "{27FFB212-CE18-41AF-B9C2-0902822F620C}"
EndProject
Project("{9A19103F-16F7-4668-BE54-9A1E7A4F7556}") = "06. Observer", "Behavioral\06. Observer\06. Observer.csproj", "{2BC7688C-A228-4C7F-8BFA-5962CC2C85CD}"
EndProject
Project("{9A19103F-16F7-4668-BE54-9A1E7A4F7556}") = "07. StrategyPattern", "Behavioral\07. StrategyPattern\07. StrategyPattern.csproj", "{1482DA30-F922-4F4B-82C4-79892E278F4B}"
EndProject
Project("{9A19103F-16F7-4668-BE54-9A1E7A4F7556}") = "08. TemplatePattern", "Behavioral\08. TemplatePattern\08. TemplatePattern.csproj", "{077E7665-93BF-4AD9-8D3E-4832A2F9A1D7}"
EndProject
Global
	GlobalSection(SolutionConfigurationPlatforms) = preSolution
		Debug|Any CPU = Debug|Any CPU
		Release|Any CPU = Release|Any CPU
	EndGlobalSection
	GlobalSection(ProjectConfigurationPlatforms) = postSolution
		{7C85C43D-5989-4120-93EA-0AC6D4AC3535}.Debug|Any CPU.ActiveCfg = Debug|Any CPU
		{7C85C43D-5989-4120-93EA-0AC6D4AC3535}.Debug|Any CPU.Build.0 = Debug|Any CPU
		{7C85C43D-5989-4120-93EA-0AC6D4AC3535}.Release|Any CPU.ActiveCfg = Release|Any CPU
		{7C85C43D-5989-4120-93EA-0AC6D4AC3535}.Release|Any CPU.Build.0 = Release|Any CPU
		{F3B13047-7007-469F-9FE2-7976EA373C3A}.Debug|Any CPU.ActiveCfg = Debug|Any CPU
		{F3B13047-7007-469F-9FE2-7976EA373C3A}.Debug|Any CPU.Build.0 = Debug|Any CPU
		{F3B13047-7007-469F-9FE2-7976EA373C3A}.Release|Any CPU.ActiveCfg = Release|Any CPU
		{F3B13047-7007-469F-9FE2-7976EA373C3A}.Release|Any CPU.Build.0 = Release|Any CPU
		{C4CC1503-AA1F-4357-8019-D0A9CD763BDA}.Debug|Any CPU.ActiveCfg = Debug|Any CPU
		{C4CC1503-AA1F-4357-8019-D0A9CD763BDA}.Debug|Any CPU.Build.0 = Debug|Any CPU
		{C4CC1503-AA1F-4357-8019-D0A9CD763BDA}.Release|Any CPU.ActiveCfg = Release|Any CPU
		{C4CC1503-AA1F-4357-8019-D0A9CD763BDA}.Release|Any CPU.Build.0 = Release|Any CPU
		{79C01E89-0FAE-410F-809C-A565BC97298C}.Debug|Any CPU.ActiveCfg = Debug|Any CPU
		{79C01E89-0FAE-410F-809C-A565BC97298C}.Debug|Any CPU.Build.0 = Debug|Any CPU
		{79C01E89-0FAE-410F-809C-A565BC97298C}.Release|Any CPU.ActiveCfg = Release|Any CPU
		{79C01E89-0FAE-410F-809C-A565BC97298C}.Release|Any CPU.Build.0 = Release|Any CPU
		{C0103459-601E-4627-8617-2DD716323E0F}.Debug|Any CPU.ActiveCfg = Debug|Any CPU
		{C0103459-601E-4627-8617-2DD716323E0F}.Debug|Any CPU.Build.0 = Debug|Any CPU
		{C0103459-601E-4627-8617-2DD716323E0F}.Release|Any CPU.ActiveCfg = Release|Any CPU
		{C0103459-601E-4627-8617-2DD716323E0F}.Release|Any CPU.Build.0 = Release|Any CPU
		{0AE6A574-4FE1-479E-8A63-F5FB720EEDAE}.Debug|Any CPU.ActiveCfg = Debug|Any CPU
		{0AE6A574-4FE1-479E-8A63-F5FB720EEDAE}.Debug|Any CPU.Build.0 = Debug|Any CPU
		{0AE6A574-4FE1-479E-8A63-F5FB720EEDAE}.Release|Any CPU.ActiveCfg = Release|Any CPU
		{0AE6A574-4FE1-479E-8A63-F5FB720EEDAE}.Release|Any CPU.Build.0 = Release|Any CPU
		{EFA3B698-6EF5-419F-99C9-C16307C993B6}.Debug|Any CPU.ActiveCfg = Debug|Any CPU
		{EFA3B698-6EF5-419F-99C9-C16307C993B6}.Debug|Any CPU.Build.0 = Debug|Any CPU
		{EFA3B698-6EF5-419F-99C9-C16307C993B6}.Release|Any CPU.ActiveCfg = Release|Any CPU
		{EFA3B698-6EF5-419F-99C9-C16307C993B6}.Release|Any CPU.Build.0 = Release|Any CPU
		{A997FDE2-5AD5-469D-BB59-B14A7B5D3F38}.Debug|Any CPU.ActiveCfg = Debug|Any CPU
		{A997FDE2-5AD5-469D-BB59-B14A7B5D3F38}.Debug|Any CPU.Build.0 = Debug|Any CPU
		{A997FDE2-5AD5-469D-BB59-B14A7B5D3F38}.Release|Any CPU.ActiveCfg = Release|Any CPU
		{A997FDE2-5AD5-469D-BB59-B14A7B5D3F38}.Release|Any CPU.Build.0 = Release|Any CPU
		{AF34C05C-F824-4142-B1CA-E7D6F53F2279}.Debug|Any CPU.ActiveCfg = Debug|Any CPU
		{AF34C05C-F824-4142-B1CA-E7D6F53F2279}.Debug|Any CPU.Build.0 = Debug|Any CPU
		{AF34C05C-F824-4142-B1CA-E7D6F53F2279}.Release|Any CPU.ActiveCfg = Release|Any CPU
		{AF34C05C-F824-4142-B1CA-E7D6F53F2279}.Release|Any CPU.Build.0 = Release|Any CPU
		{4F8DB261-15A8-41E6-8325-5B080A959AEC}.Debug|Any CPU.ActiveCfg = Debug|Any CPU
		{4F8DB261-15A8-41E6-8325-5B080A959AEC}.Debug|Any CPU.Build.0 = Debug|Any CPU
		{4F8DB261-15A8-41E6-8325-5B080A959AEC}.Release|Any CPU.ActiveCfg = Release|Any CPU
		{4F8DB261-15A8-41E6-8325-5B080A959AEC}.Release|Any CPU.Build.0 = Release|Any CPU
		{B5AB371D-9EA4-48F1-AAC1-3E29056EBFF1}.Debug|Any CPU.ActiveCfg = Debug|Any CPU
		{B5AB371D-9EA4-48F1-AAC1-3E29056EBFF1}.Debug|Any CPU.Build.0 = Debug|Any CPU
		{B5AB371D-9EA4-48F1-AAC1-3E29056EBFF1}.Release|Any CPU.ActiveCfg = Release|Any CPU
		{B5AB371D-9EA4-48F1-AAC1-3E29056EBFF1}.Release|Any CPU.Build.0 = Release|Any CPU
		{EA67874B-39B8-4C1A-954B-67A8C8B510B9}.Debug|Any CPU.ActiveCfg = Debug|Any CPU
		{EA67874B-39B8-4C1A-954B-67A8C8B510B9}.Debug|Any CPU.Build.0 = Debug|Any CPU
		{EA67874B-39B8-4C1A-954B-67A8C8B510B9}.Release|Any CPU.ActiveCfg = Release|Any CPU
		{EA67874B-39B8-4C1A-954B-67A8C8B510B9}.Release|Any CPU.Build.0 = Release|Any CPU
		{71CC6122-11EE-4745-877E-C132511F4A4A}.Debug|Any CPU.ActiveCfg = Debug|Any CPU
		{71CC6122-11EE-4745-877E-C132511F4A4A}.Debug|Any CPU.Build.0 = Debug|Any CPU
		{71CC6122-11EE-4745-877E-C132511F4A4A}.Release|Any CPU.ActiveCfg = Release|Any CPU
		{71CC6122-11EE-4745-877E-C132511F4A4A}.Release|Any CPU.Build.0 = Release|Any CPU
		{4D18FC07-1B08-4432-9DA2-B931D1B5B5A7}.Debug|Any CPU.ActiveCfg = Debug|Any CPU
		{4D18FC07-1B08-4432-9DA2-B931D1B5B5A7}.Debug|Any CPU.Build.0 = Debug|Any CPU
		{4D18FC07-1B08-4432-9DA2-B931D1B5B5A7}.Release|Any CPU.ActiveCfg = Release|Any CPU
		{4D18FC07-1B08-4432-9DA2-B931D1B5B5A7}.Release|Any CPU.Build.0 = Release|Any CPU
		{F8E1919B-BD95-4B33-85F1-778EB20EEBA6}.Debug|Any CPU.ActiveCfg = Debug|Any CPU
		{F8E1919B-BD95-4B33-85F1-778EB20EEBA6}.Debug|Any CPU.Build.0 = Debug|Any CPU
		{F8E1919B-BD95-4B33-85F1-778EB20EEBA6}.Release|Any CPU.ActiveCfg = Release|Any CPU
		{F8E1919B-BD95-4B33-85F1-778EB20EEBA6}.Release|Any CPU.Build.0 = Release|Any CPU
		{DC0AF03B-15AC-474A-99D4-2C8B68E9A012}.Debug|Any CPU.ActiveCfg = Debug|Any CPU
		{DC0AF03B-15AC-474A-99D4-2C8B68E9A012}.Debug|Any CPU.Build.0 = Debug|Any CPU
		{DC0AF03B-15AC-474A-99D4-2C8B68E9A012}.Release|Any CPU.ActiveCfg = Release|Any CPU
		{DC0AF03B-15AC-474A-99D4-2C8B68E9A012}.Release|Any CPU.Build.0 = Release|Any CPU
		{27FFB212-CE18-41AF-B9C2-0902822F620C}.Debug|Any CPU.ActiveCfg = Debug|Any CPU
		{27FFB212-CE18-41AF-B9C2-0902822F620C}.Debug|Any CPU.Build.0 = Debug|Any CPU
		{27FFB212-CE18-41AF-B9C2-0902822F620C}.Release|Any CPU.ActiveCfg = Release|Any CPU
		{27FFB212-CE18-41AF-B9C2-0902822F620C}.Release|Any CPU.Build.0 = Release|Any CPU
		{2BC7688C-A228-4C7F-8BFA-5962CC2C85CD}.Debug|Any CPU.ActiveCfg = Debug|Any CPU
		{2BC7688C-A228-4C7F-8BFA-5962CC2C85CD}.Debug|Any CPU.Build.0 = Debug|Any CPU
		{2BC7688C-A228-4C7F-8BFA-5962CC2C85CD}.Release|Any CPU.ActiveCfg = Release|Any CPU
		{2BC7688C-A228-4C7F-8BFA-5962CC2C85CD}.Release|Any CPU.Build.0 = Release|Any CPU
		{1482DA30-F922-4F4B-82C4-79892E278F4B}.Debug|Any CPU.ActiveCfg = Debug|Any CPU
		{1482DA30-F922-4F4B-82C4-79892E278F4B}.Debug|Any CPU.Build.0 = Debug|Any CPU
		{1482DA30-F922-4F4B-82C4-79892E278F4B}.Release|Any CPU.ActiveCfg = Release|Any CPU
		{1482DA30-F922-4F4B-82C4-79892E278F4B}.Release|Any CPU.Build.0 = Release|Any CPU
		{077E7665-93BF-4AD9-8D3E-4832A2F9A1D7}.Debug|Any CPU.ActiveCfg = Debug|Any CPU
		{077E7665-93BF-4AD9-8D3E-4832A2F9A1D7}.Debug|Any CPU.Build.0 = Debug|Any CPU
		{077E7665-93BF-4AD9-8D3E-4832A2F9A1D7}.Release|Any CPU.ActiveCfg = Release|Any CPU
		{077E7665-93BF-4AD9-8D3E-4832A2F9A1D7}.Release|Any CPU.Build.0 = Release|Any CPU
	EndGlobalSection
	GlobalSection(SolutionProperties) = preSolution
		HideSolutionNode = FALSE
	EndGlobalSection
	GlobalSection(NestedProjects) = preSolution
		{7C85C43D-5989-4120-93EA-0AC6D4AC3535} = {86CDDD3E-FB95-4CDD-B630-AFE9A3FF1782}
		{F3B13047-7007-469F-9FE2-7976EA373C3A} = {7ED917BC-8B2D-4A9E-9302-31699C308296}
		{C4CC1503-AA1F-4357-8019-D0A9CD763BDA} = {7ED917BC-8B2D-4A9E-9302-31699C308296}
		{79C01E89-0FAE-410F-809C-A565BC97298C} = {86CDDD3E-FB95-4CDD-B630-AFE9A3FF1782}
		{C0103459-601E-4627-8617-2DD716323E0F} = {7ED917BC-8B2D-4A9E-9302-31699C308296}
		{0AE6A574-4FE1-479E-8A63-F5FB720EEDAE} = {7ED917BC-8B2D-4A9E-9302-31699C308296}
		{EFA3B698-6EF5-419F-99C9-C16307C993B6} = {7ED917BC-8B2D-4A9E-9302-31699C308296}
		{A997FDE2-5AD5-469D-BB59-B14A7B5D3F38} = {86054D98-93E2-44C1-A5BC-F88AA91F1D50}
		{AF34C05C-F824-4142-B1CA-E7D6F53F2279} = {86054D98-93E2-44C1-A5BC-F88AA91F1D50}
		{4F8DB261-15A8-41E6-8325-5B080A959AEC} = {86054D98-93E2-44C1-A5BC-F88AA91F1D50}
		{B5AB371D-9EA4-48F1-AAC1-3E29056EBFF1} = {86054D98-93E2-44C1-A5BC-F88AA91F1D50}
		{EA67874B-39B8-4C1A-954B-67A8C8B510B9} = {86054D98-93E2-44C1-A5BC-F88AA91F1D50}
		{71CC6122-11EE-4745-877E-C132511F4A4A} = {86054D98-93E2-44C1-A5BC-F88AA91F1D50}
		{4D18FC07-1B08-4432-9DA2-B931D1B5B5A7} = {86054D98-93E2-44C1-A5BC-F88AA91F1D50}
		{F8E1919B-BD95-4B33-85F1-778EB20EEBA6} = {86CDDD3E-FB95-4CDD-B630-AFE9A3FF1782}
		{DC0AF03B-15AC-474A-99D4-2C8B68E9A012} = {86CDDD3E-FB95-4CDD-B630-AFE9A3FF1782}
		{27FFB212-CE18-41AF-B9C2-0902822F620C} = {86CDDD3E-FB95-4CDD-B630-AFE9A3FF1782}
		{2BC7688C-A228-4C7F-8BFA-5962CC2C85CD} = {86CDDD3E-FB95-4CDD-B630-AFE9A3FF1782}
		{1482DA30-F922-4F4B-82C4-79892E278F4B} = {86CDDD3E-FB95-4CDD-B630-AFE9A3FF1782}
		{077E7665-93BF-4AD9-8D3E-4832A2F9A1D7} = {86CDDD3E-FB95-4CDD-B630-AFE9A3FF1782}
	EndGlobalSection
	GlobalSection(ExtensibilityGlobals) = postSolution
		SolutionGuid = {F8CC9809-C545-4968-84DE-61946806F25C}
	EndGlobalSection
EndGlobal
